
Microsoft Visual Studio Solution File, Format Version 12.00
# Visual Studio 15
VisualStudioVersion = 15.0.28010.2036
MinimumVisualStudioVersion = 10.0.40219.1
Project("{FAE04EC0-301F-11D3-BF4B-00C04F79EFBC}") = "Hello", "Hello\Hello.csproj", "{251B21B9-D3E5-448C-B6E5-83B27E3045C4}"
EndProject
Project("{FAE04EC0-301F-11D3-BF4B-00C04F79EFBC}") = "HelloTest", "HelloTest\HelloTest.csproj", "{EF416ECC-0C3F-405B-A5A3-E5EAC4579EA0}"
EndProject
Global
	GlobalSection(SolutionConfigurationPlatforms) = preSolution
		Debug|Any CPU = Debug|Any CPU
		Release|Any CPU = Release|Any CPU
	EndGlobalSection
	GlobalSection(ProjectConfigurationPlatforms) = postSolution
		{251B21B9-D3E5-448C-B6E5-83B27E3045C4}.Debug|Any CPU.ActiveCfg = Debug|Any CPU
		{251B21B9-D3E5-448C-B6E5-83B27E3045C4}.Debug|Any CPU.Build.0 = Debug|Any CPU
		{251B21B9-D3E5-448C-B6E5-83B27E3045C4}.Release|Any CPU.ActiveCfg = Release|Any CPU
		{251B21B9-D3E5-448C-B6E5-83B27E3045C4}.Release|Any CPU.Build.0 = Release|Any CPU
		{EF416ECC-0C3F-405B-A5A3-E5EAC4579EA0}.Debug|Any CPU.ActiveCfg = Debug|Any CPU
		{EF416ECC-0C3F-405B-A5A3-E5EAC4579EA0}.Debug|Any CPU.Build.0 = Debug|Any CPU
		{EF416ECC-0C3F-405B-A5A3-E5EAC4579EA0}.Release|Any CPU.ActiveCfg = Release|Any CPU
		{EF416ECC-0C3F-405B-A5A3-E5EAC4579EA0}.Release|Any CPU.Build.0 = Release|Any CPU
	EndGlobalSection
	GlobalSection(SolutionProperties) = preSolution
		HideSolutionNode = FALSE
	EndGlobalSection
	GlobalSection(ExtensibilityGlobals) = postSolution
		SolutionGuid = {C9C08ECC-DC93-4695-85C1-955786E35EF9}
	EndGlobalSection
EndGlobal
